
Microsoft Visual Studio Solution File, Format Version 12.00
# Visual Studio 2012
Project("{FAE04EC0-301F-11D3-BF4B-00C04F79EFBC}") = "Tools.ControlValidation", "Tools.ControlValidation\Tools.ControlValidation.csproj", "{B48649A4-DFF6-403B-BB3F-41B288A791B8}"
EndProject
Project("{FAE04EC0-301F-11D3-BF4B-00C04F79EFBC}") = "ControlValidationTests", "ControlValidationTests\ControlValidationTests.csproj", "{3ED7B0E1-DD7A-4D14-8E00-3DDC9589EECB}"
EndProject
Global
	GlobalSection(SolutionConfigurationPlatforms) = preSolution
		Debug|Any CPU = Debug|Any CPU
		Debug|x86 = Debug|x86
		Release|Any CPU = Release|Any CPU
		Release|x86 = Release|x86
	EndGlobalSection
	GlobalSection(ProjectConfigurationPlatforms) = postSolution
		{B48649A4-DFF6-403B-BB3F-41B288A791B8}.Debug|Any CPU.ActiveCfg = Debug|Any CPU
		{B48649A4-DFF6-403B-BB3F-41B288A791B8}.Debug|Any CPU.Build.0 = Debug|Any CPU
		{B48649A4-DFF6-403B-BB3F-41B288A791B8}.Debug|x86.ActiveCfg = Debug|x86
		{B48649A4-DFF6-403B-BB3F-41B288A791B8}.Debug|x86.Build.0 = Debug|x86
		{B48649A4-DFF6-403B-BB3F-41B288A791B8}.Release|Any CPU.ActiveCfg = Release|Any CPU
		{B48649A4-DFF6-403B-BB3F-41B288A791B8}.Release|Any CPU.Build.0 = Release|Any CPU
		{B48649A4-DFF6-403B-BB3F-41B288A791B8}.Release|x86.ActiveCfg = Release|x86
		{B48649A4-DFF6-403B-BB3F-41B288A791B8}.Release|x86.Build.0 = Release|x86
		{3ED7B0E1-DD7A-4D14-8E00-3DDC9589EECB}.Debug|Any CPU.ActiveCfg = Debug|Any CPU
		{3ED7B0E1-DD7A-4D14-8E00-3DDC9589EECB}.Debug|Any CPU.Build.0 = Debug|Any CPU
		{3ED7B0E1-DD7A-4D14-8E00-3DDC9589EECB}.Debug|x86.ActiveCfg = Debug|x86
		{3ED7B0E1-DD7A-4D14-8E00-3DDC9589EECB}.Debug|x86.Build.0 = Debug|x86
		{3ED7B0E1-DD7A-4D14-8E00-3DDC9589EECB}.Release|Any CPU.ActiveCfg = Release|Any CPU
		{3ED7B0E1-DD7A-4D14-8E00-3DDC9589EECB}.Release|Any CPU.Build.0 = Release|Any CPU
		{3ED7B0E1-DD7A-4D14-8E00-3DDC9589EECB}.Release|x86.ActiveCfg = Release|x86
		{3ED7B0E1-DD7A-4D14-8E00-3DDC9589EECB}.Release|x86.Build.0 = Release|x86
	EndGlobalSection
	GlobalSection(SolutionProperties) = preSolution
		HideSolutionNode = FALSE
	EndGlobalSection
EndGlobal
